
Microsoft Visual Studio Solution File, Format Version 12.00
# Visual Studio Version 17
VisualStudioVersion = 17.4.33110.190
MinimumVisualStudioVersion = 10.0.40219.1
Project("{FAE04EC0-301F-11D3-BF4B-00C04F79EFBC}") = "ödev3", "ödev3\ödev3.csproj", "{811703F5-CFCD-44B8-B126-3F402BD78268}"
EndProject
Global
	GlobalSection(SolutionConfigurationPlatforms) = preSolution
		Debug|Any CPU = Debug|Any CPU
		Release|Any CPU = Release|Any CPU
	EndGlobalSection
	GlobalSection(ProjectConfigurationPlatforms) = postSolution
		{811703F5-CFCD-44B8-B126-3F402BD78268}.Debug|Any CPU.ActiveCfg = Debug|Any CPU
		{811703F5-CFCD-44B8-B126-3F402BD78268}.Debug|Any CPU.Build.0 = Debug|Any CPU
		{811703F5-CFCD-44B8-B126-3F402BD78268}.Release|Any CPU.ActiveCfg = Release|Any CPU
		{811703F5-CFCD-44B8-B126-3F402BD78268}.Release|Any CPU.Build.0 = Release|Any CPU
	EndGlobalSection
	GlobalSection(SolutionProperties) = preSolution
		HideSolutionNode = FALSE
	EndGlobalSection
	GlobalSection(ExtensibilityGlobals) = postSolution
		SolutionGuid = {6008E08E-4C4C-4CF5-843B-B7546AA21683}
	EndGlobalSection
EndGlobal
